<Solution>
  <Folder Name="/m1/" />
  <Folder Name="/m2/" />
  <Folder Name="/m3/">
    <Project Path="m3/Arreglos/Arreglos.csproj" />
  </Folder>
  <Folder Name="/m4/">
    <Project Path="m4/Arreglos_Multidimensionales/Arreglos_Multidimensionales.csproj" Id="07e9bf43-15c8-4106-bdbe-722e51aab99d" />
    <Project Path="m4/FuncionesProcedimientos/FuncionesProcedimientos.csproj" />
  </Folder>
  <Folder Name="/m5/">
    <Project Path="Enumeraciones/Enumeraciones.csproj" Id="bd6f68bb-bf66-4d22-9fdf-3f8010d269c2" />
    <Project Path="InterfazGraficaWinForm/InterfazGraficaWinForm.csproj" Id="654b6ea6-60a9-4140-8d5b-8aeec56d0bb7" />
    <Project Path="m5/Estructuras/Estructuras.csproj" Id="5b9c4e89-3a72-4ff3-a8e2-7571029feee7" />
    <Project Path="poo/poo.csproj" Id="1270d4bc-e3dd-4af8-a2f9-a0e435530839" />
  </Folder>
</Solution>
